// !$*UTF8*$!
{
	archiveVersion = 1;
	classes = {
	};
	objectVersion = 56;
	objects = {

/* Begin PBXBuildFile section */
		44D205A12CB4A327008C1301 /* WeatherWiseApp.swift in Sources */ = {isa = PBXBuildFile; fileRef = 44D205A02CB4A327008C1301 /* WeatherWiseApp.swift */; };
		44D205A32CB4A327008C1301 /* ContentView.swift in Sources */ = {isa = PBXBuildFile; fileRef = 44D205A22CB4A327008C1301 /* ContentView.swift */; };
		44D205A52CB4A32A008C1301 /* Assets.xcassets in Resources */ = {isa = PBXBuildFile; fileRef = 44D205A42CB4A32A008C1301 /* Assets.xcassets */; };
		44D205A82CB4A32A008C1301 /* Preview Assets.xcassets in Resources */ = {isa = PBXBuildFile; fileRef = 44D205A72CB4A32A008C1301 /* Preview Assets.xcassets */; };
		44D205B22CB4A32B008C1301 /* WeatherWiseTests.swift in Sources */ = {isa = PBXBuildFile; fileRef = 44D205B12CB4A32B008C1301 /* WeatherWiseTests.swift */; };
		44D205BC2CB4A32B008C1301 /* WeatherWiseUITests.swift in Sources */ = {isa = PBXBuildFile; fileRef = 44D205BB2CB4A32B008C1301 /* WeatherWiseUITests.swift */; };
		44D205BE2CB4A32B008C1301 /* WeatherWiseUITestsLaunchTests.swift in Sources */ = {isa = PBXBuildFile; fileRef = 44D205BD2CB4A32B008C1301 /* WeatherWiseUITestsLaunchTests.swift */; };
		44D205D22CB4AB52008C1301 /* Extensions.swift in Sources */ = {isa = PBXBuildFile; fileRef = 44D205D12CB4AB52008C1301 /* Extensions.swift */; };
		44D205D42CB4ADC4008C1301 /* HomeView.swift in Sources */ = {isa = PBXBuildFile; fileRef = 44D205D32CB4ADC4008C1301 /* HomeView.swift */; };
		44D205D62CB4C751008C1301 /* TabBar.swift in Sources */ = {isa = PBXBuildFile; fileRef = 44D205D52CB4C751008C1301 /* TabBar.swift */; };
		44D205D82CB4E5C0008C1301 /* Shapes.swift in Sources */ = {isa = PBXBuildFile; fileRef = 44D205D72CB4E5C0008C1301 /* Shapes.swift */; };
/* End PBXBuildFile section */

/* Begin PBXContainerItemProxy section */
		44D205AE2CB4A32B008C1301 /* PBXContainerItemProxy */ = {
			isa = PBXContainerItemProxy;
			containerPortal = 44D205952CB4A327008C1301 /* Project object */;
			proxyType = 1;
			remoteGlobalIDString = 44D2059C2CB4A327008C1301;
			remoteInfo = WeatherWise;
		};
		44D205B82CB4A32B008C1301 /* PBXContainerItemProxy */ = {
			isa = PBXContainerItemProxy;
			containerPortal = 44D205952CB4A327008C1301 /* Project object */;
			proxyType = 1;
			remoteGlobalIDString = 44D2059C2CB4A327008C1301;
			remoteInfo = WeatherWise;
		};
/* End PBXContainerItemProxy section */

/* Begin PBXFileReference section */
		44D2059D2CB4A327008C1301 /* WeatherWise.app */ = {isa = PBXFileReference; explicitFileType = wrapper.application; includeInIndex = 0; path = WeatherWise.app; sourceTree = BUILT_PRODUCTS_DIR; };
		44D205A02CB4A327008C1301 /* WeatherWiseApp.swift */ = {isa = PBXFileReference; lastKnownFileType = sourcecode.swift; path = WeatherWiseApp.swift; sourceTree = "<group>"; };
		44D205A22CB4A327008C1301 /* ContentView.swift */ = {isa = PBXFileReference; lastKnownFileType = sourcecode.swift; path = ContentView.swift; sourceTree = "<group>"; };
		44D205A42CB4A32A008C1301 /* Assets.xcassets */ = {isa = PBXFileReference; lastKnownFileType = folder.assetcatalog; path = Assets.xcassets; sourceTree = "<group>"; };
		44D205A72CB4A32A008C1301 /* Preview Assets.xcassets */ = {isa = PBXFileReference; lastKnownFileType = folder.assetcatalog; path = "Preview Assets.xcassets"; sourceTree = "<group>"; };
		44D205AD2CB4A32B008C1301 /* WeatherWiseTests.xctest */ = {isa = PBXFileReference; explicitFileType = wrapper.cfbundle; includeInIndex = 0; path = WeatherWiseTests.xctest; sourceTree = BUILT_PRODUCTS_DIR; };
		44D205B12CB4A32B008C1301 /* WeatherWiseTests.swift */ = {isa = PBXFileReference; lastKnownFileType = sourcecode.swift; path = WeatherWiseTests.swift; sourceTree = "<group>"; };
		44D205B72CB4A32B008C1301 /* WeatherWiseUITests.xctest */ = {isa = PBXFileReference; explicitFileType = wrapper.cfbundle; includeInIndex = 0; path = WeatherWiseUITests.xctest; sourceTree = BUILT_PRODUCTS_DIR; };
		44D205BB2CB4A32B008C1301 /* WeatherWiseUITests.swift */ = {isa = PBXFileReference; lastKnownFileType = sourcecode.swift; path = WeatherWiseUITests.swift; sourceTree = "<group>"; };
		44D205BD2CB4A32B008C1301 /* WeatherWiseUITestsLaunchTests.swift */ = {isa = PBXFileReference; lastKnownFileType = sourcecode.swift; path = WeatherWiseUITestsLaunchTests.swift; sourceTree = "<group>"; };
		44D205D12CB4AB52008C1301 /* Extensions.swift */ = {isa = PBXFileReference; lastKnownFileType = sourcecode.swift; path = Extensions.swift; sourceTree = "<group>"; };
		44D205D32CB4ADC4008C1301 /* HomeView.swift */ = {isa = PBXFileReference; lastKnownFileType = sourcecode.swift; path = HomeView.swift; sourceTree = "<group>"; };
		44D205D52CB4C751008C1301 /* TabBar.swift */ = {isa = PBXFileReference; lastKnownFileType = sourcecode.swift; path = TabBar.swift; sourceTree = "<group>"; };
		44D205D72CB4E5C0008C1301 /* Shapes.swift */ = {isa = PBXFileReference; lastKnownFileType = sourcecode.swift; path = Shapes.swift; sourceTree = "<group>"; };
		44D205D92CB50532008C1301 /* .gitignore.xcconfig */ = {isa = PBXFileReference; lastKnownFileType = text.xcconfig; path = .gitignore.xcconfig; sourceTree = "<group>"; };
/* End PBXFileReference section */

/* Begin PBXFrameworksBuildPhase section */
		44D2059A2CB4A327008C1301 /* Frameworks */ = {
			isa = PBXFrameworksBuildPhase;
			buildActionMask = 2147483647;
			files = (
			);
			runOnlyForDeploymentPostprocessing = 0;
		};
		44D205AA2CB4A32B008C1301 /* Frameworks */ = {
			isa = PBXFrameworksBuildPhase;
			buildActionMask = 2147483647;
			files = (
			);
			runOnlyForDeploymentPostprocessing = 0;
		};
		44D205B42CB4A32B008C1301 /* Frameworks */ = {
			isa = PBXFrameworksBuildPhase;
			buildActionMask = 2147483647;
			files = (
			);
			runOnlyForDeploymentPostprocessing = 0;
		};
/* End PBXFrameworksBuildPhase section */

/* Begin PBXGroup section */
		44D205942CB4A327008C1301 = {
			isa = PBXGroup;
			children = (
				44D205D92CB50532008C1301 /* .gitignore.xcconfig */,
				44D2059F2CB4A327008C1301 /* WeatherWise */,
				44D205B02CB4A32B008C1301 /* WeatherWiseTests */,
				44D205BA2CB4A32B008C1301 /* WeatherWiseUITests */,
				44D2059E2CB4A327008C1301 /* Products */,
			);
			sourceTree = "<group>";
		};
		44D2059E2CB4A327008C1301 /* Products */ = {
			isa = PBXGroup;
			children = (
				44D2059D2CB4A327008C1301 /* WeatherWise.app */,
				44D205AD2CB4A32B008C1301 /* WeatherWiseTests.xctest */,
				44D205B72CB4A32B008C1301 /* WeatherWiseUITests.xctest */,
			);
			name = Products;
			sourceTree = "<group>";
		};
		44D2059F2CB4A327008C1301 /* WeatherWise */ = {
			isa = PBXGroup;
			children = (
				44D205CA2CB4A983008C1301 /* Views */,
				44D205CB2CB4A98C008C1301 /* Models */,
				44D205CC2CB4A992008C1301 /* Utils */,
				44D205A02CB4A327008C1301 /* WeatherWiseApp.swift */,
				44D205A42CB4A32A008C1301 /* Assets.xcassets */,
				44D205A62CB4A32A008C1301 /* Preview Content */,
			);
			path = WeatherWise;
			sourceTree = "<group>";
		};
		44D205A62CB4A32A008C1301 /* Preview Content */ = {
			isa = PBXGroup;
			children = (
				44D205A72CB4A32A008C1301 /* Preview Assets.xcassets */,
			);
			path = "Preview Content";
			sourceTree = "<group>";
		};
		44D205B02CB4A32B008C1301 /* WeatherWiseTests */ = {
			isa = PBXGroup;
			children = (
				44D205B12CB4A32B008C1301 /* WeatherWiseTests.swift */,
			);
			path = WeatherWiseTests;
			sourceTree = "<group>";
		};
		44D205BA2CB4A32B008C1301 /* WeatherWiseUITests */ = {
			isa = PBXGroup;
			children = (
				44D205BB2CB4A32B008C1301 /* WeatherWiseUITests.swift */,
				44D205BD2CB4A32B008C1301 /* WeatherWiseUITestsLaunchTests.swift */,
			);
			path = WeatherWiseUITests;
			sourceTree = "<group>";
		};
		44D205CA2CB4A983008C1301 /* Views */ = {
			isa = PBXGroup;
			children = (
				44D205D02CB4AA08008C1301 /* Details  */,
				44D205CF2CB4A9F3008C1301 /* Components  */,
				44D205CE2CB4A9E7008C1301 /* Navigation */,
				44D205CD2CB4A9E1008C1301 /* Main */,
			);
			path = Views;
			sourceTree = "<group>";
		};
		44D205CB2CB4A98C008C1301 /* Models */ = {
			isa = PBXGroup;
			children = (
			);
			path = Models;
			sourceTree = "<group>";
		};
		44D205CC2CB4A992008C1301 /* Utils */ = {
			isa = PBXGroup;
			children = (
				44D205D12CB4AB52008C1301 /* Extensions.swift */,
				44D205D72CB4E5C0008C1301 /* Shapes.swift */,
			);
			path = Utils;
			sourceTree = "<group>";
		};
		44D205CD2CB4A9E1008C1301 /* Main */ = {
			isa = PBXGroup;
			children = (
				44D205A22CB4A327008C1301 /* ContentView.swift */,
				44D205D32CB4ADC4008C1301 /* HomeView.swift */,
			);
			path = Main;
			sourceTree = "<group>";
		};
		44D205CE2CB4A9E7008C1301 /* Navigation */ = {
			isa = PBXGroup;
			children = (
				44D205D52CB4C751008C1301 /* TabBar.swift */,
			);
			path = Navigation;
			sourceTree = "<group>";
		};
		44D205CF2CB4A9F3008C1301 /* Components  */ = {
			isa = PBXGroup;
			children = (
			);
			path = "Components ";
			sourceTree = "<group>";
		};
		44D205D02CB4AA08008C1301 /* Details  */ = {
			isa = PBXGroup;
			children = (
			);
			path = "Details ";
			sourceTree = "<group>";
		};
/* End PBXGroup section */

/* Begin PBXNativeTarget section */
		44D2059C2CB4A327008C1301 /* WeatherWise */ = {
			isa = PBXNativeTarget;
			buildConfigurationList = 44D205C12CB4A32B008C1301 /* Build configuration list for PBXNativeTarget "WeatherWise" */;
			buildPhases = (
				44D205992CB4A327008C1301 /* Sources */,
				44D2059A2CB4A327008C1301 /* Frameworks */,
				44D2059B2CB4A327008C1301 /* Resources */,
			);
			buildRules = (
			);
			dependencies = (
			);
			name = WeatherWise;
			productName = WeatherWise;
			productReference = 44D2059D2CB4A327008C1301 /* WeatherWise.app */;
			productType = "com.apple.product-type.application";
		};
		44D205AC2CB4A32B008C1301 /* WeatherWiseTests */ = {
			isa = PBXNativeTarget;
			buildConfigurationList = 44D205C42CB4A32B008C1301 /* Build configuration list for PBXNativeTarget "WeatherWiseTests" */;
			buildPhases = (
				44D205A92CB4A32B008C1301 /* Sources */,
				44D205AA2CB4A32B008C1301 /* Frameworks */,
				44D205AB2CB4A32B008C1301 /* Resources */,
			);
			buildRules = (
			);
			dependencies = (
				44D205AF2CB4A32B008C1301 /* PBXTargetDependency */,
			);
			name = WeatherWiseTests;
			productName = WeatherWiseTests;
			productReference = 44D205AD2CB4A32B008C1301 /* WeatherWiseTests.xctest */;
			productType = "com.apple.product-type.bundle.unit-test";
		};
		44D205B62CB4A32B008C1301 /* WeatherWiseUITests */ = {
			isa = PBXNativeTarget;
			buildConfigurationList = 44D205C72CB4A32B008C1301 /* Build configuration list for PBXNativeTarget "WeatherWiseUITests" */;
			buildPhases = (
				44D205B32CB4A32B008C1301 /* Sources */,
				44D205B42CB4A32B008C1301 /* Frameworks */,
				44D205B52CB4A32B008C1301 /* Resources */,
			);
			buildRules = (
			);
			dependencies = (
				44D205B92CB4A32B008C1301 /* PBXTargetDependency */,
			);
			name = WeatherWiseUITests;
			productName = WeatherWiseUITests;
			productReference = 44D205B72CB4A32B008C1301 /* WeatherWiseUITests.xctest */;
			productType = "com.apple.product-type.bundle.ui-testing";
		};
/* End PBXNativeTarget section */

/* Begin PBXProject section */
		44D205952CB4A327008C1301 /* Project object */ = {
			isa = PBXProject;
			attributes = {
				BuildIndependentTargetsInParallel = 1;
				LastSwiftUpdateCheck = 1540;
				LastUpgradeCheck = 1540;
				TargetAttributes = {
					44D2059C2CB4A327008C1301 = {
						CreatedOnToolsVersion = 15.4;
					};
					44D205AC2CB4A32B008C1301 = {
						CreatedOnToolsVersion = 15.4;
						TestTargetID = 44D2059C2CB4A327008C1301;
					};
					44D205B62CB4A32B008C1301 = {
						CreatedOnToolsVersion = 15.4;
						TestTargetID = 44D2059C2CB4A327008C1301;
					};
				};
			};
			buildConfigurationList = 44D205982CB4A327008C1301 /* Build configuration list for PBXProject "WeatherWise" */;
			compatibilityVersion = "Xcode 14.0";
			developmentRegion = en;
			hasScannedForEncodings = 0;
			knownRegions = (
				en,
				Base,
			);
			mainGroup = 44D205942CB4A327008C1301;
			productRefGroup = 44D2059E2CB4A327008C1301 /* Products */;
			projectDirPath = "";
			projectRoot = "";
			targets = (
				44D2059C2CB4A327008C1301 /* WeatherWise */,
				44D205AC2CB4A32B008C1301 /* WeatherWiseTests */,
				44D205B62CB4A32B008C1301 /* WeatherWiseUITests */,
			);
		};
/* End PBXProject section */

/* Begin PBXResourcesBuildPhase section */
		44D2059B2CB4A327008C1301 /* Resources */ = {
			isa = PBXResourcesBuildPhase;
			buildActionMask = 2147483647;
			files = (
				44D205A82CB4A32A008C1301 /* Preview Assets.xcassets in Resources */,
				44D205A52CB4A32A008C1301 /* Assets.xcassets in Resources */,
			);
			runOnlyForDeploymentPostprocessing = 0;
		};
		44D205AB2CB4A32B008C1301 /* Resources */ = {
			isa = PBXResourcesBuildPhase;
			buildActionMask = 2147483647;
			files = (
			);
			runOnlyForDeploymentPostprocessing = 0;
		};
		44D205B52CB4A32B008C1301 /* Resources */ = {
			isa = PBXResourcesBuildPhase;
			buildActionMask = 2147483647;
			files = (
			);
			runOnlyForDeploymentPostprocessing = 0;
		};
/* End PBXResourcesBuildPhase section */

/* Begin PBXSourcesBuildPhase section */
		44D205992CB4A327008C1301 /* Sources */ = {
			isa = PBXSourcesBuildPhase;
			buildActionMask = 2147483647;
			files = (
				44D205A32CB4A327008C1301 /* ContentView.swift in Sources */,
				44D205D42CB4ADC4008C1301 /* HomeView.swift in Sources */,
				44D205D22CB4AB52008C1301 /* Extensions.swift in Sources */,
				44D205A12CB4A327008C1301 /* WeatherWiseApp.swift in Sources */,
				44D205D62CB4C751008C1301 /* TabBar.swift in Sources */,
				44D205D82CB4E5C0008C1301 /* Shapes.swift in Sources */,
			);
			runOnlyForDeploymentPostprocessing = 0;
		};
		44D205A92CB4A32B008C1301 /* Sources */ = {
			isa = PBXSourcesBuildPhase;
			buildActionMask = 2147483647;
			files = (
				44D205B22CB4A32B008C1301 /* WeatherWiseTests.swift in Sources */,
			);
			runOnlyForDeploymentPostprocessing = 0;
		};
		44D205B32CB4A32B008C1301 /* Sources */ = {
			isa = PBXSourcesBuildPhase;
			buildActionMask = 2147483647;
			files = (
				44D205BC2CB4A32B008C1301 /* WeatherWiseUITests.swift in Sources */,
				44D205BE2CB4A32B008C1301 /* WeatherWiseUITestsLaunchTests.swift in Sources */,
			);
			runOnlyForDeploymentPostprocessing = 0;
		};
/* End PBXSourcesBuildPhase section */

/* Begin PBXTargetDependency section */
		44D205AF2CB4A32B008C1301 /* PBXTargetDependency */ = {
			isa = PBXTargetDependency;
			target = 44D2059C2CB4A327008C1301 /* WeatherWise */;
			targetProxy = 44D205AE2CB4A32B008C1301 /* PBXContainerItemProxy */;
		};
		44D205B92CB4A32B008C1301 /* PBXTargetDependency */ = {
			isa = PBXTargetDependency;
			target = 44D2059C2CB4A327008C1301 /* WeatherWise */;
			targetProxy = 44D205B82CB4A32B008C1301 /* PBXContainerItemProxy */;
		};
/* End PBXTargetDependency section */

/* Begin XCBuildConfiguration section */
		44D205BF2CB4A32B008C1301 /* Debug */ = {
			isa = XCBuildConfiguration;
			buildSettings = {
				ALWAYS_SEARCH_USER_PATHS = NO;
				ASSETCATALOG_COMPILER_GENERATE_SWIFT_ASSET_SYMBOL_EXTENSIONS = YES;
				CLANG_ANALYZER_NONNULL = YES;
				CLANG_ANALYZER_NUMBER_OBJECT_CONVERSION = YES_AGGRESSIVE;
				CLANG_CXX_LANGUAGE_STANDARD = "gnu++20";
				CLANG_ENABLE_MODULES = YES;
				CLANG_ENABLE_OBJC_ARC = YES;
				CLANG_ENABLE_OBJC_WEAK = YES;
				CLANG_WARN_BLOCK_CAPTURE_AUTORELEASING = YES;
				CLANG_WARN_BOOL_CONVERSION = YES;
				CLANG_WARN_COMMA = YES;
				CLANG_WARN_CONSTANT_CONVERSION = YES;
				CLANG_WARN_DEPRECATED_OBJC_IMPLEMENTATIONS = YES;
				CLANG_WARN_DIRECT_OBJC_ISA_USAGE = YES_ERROR;
				CLANG_WARN_DOCUMENTATION_COMMENTS = YES;
				CLANG_WARN_EMPTY_BODY = YES;
				CLANG_WARN_ENUM_CONVERSION = YES;
				CLANG_WARN_INFINITE_RECURSION = YES;
				CLANG_WARN_INT_CONVERSION = YES;
				CLANG_WARN_NON_LITERAL_NULL_CONVERSION = YES;
				CLANG_WARN_OBJC_IMPLICIT_RETAIN_SELF = YES;
				CLANG_WARN_OBJC_LITERAL_CONVERSION = YES;
				CLANG_WARN_OBJC_ROOT_CLASS = YES_ERROR;
				CLANG_WARN_QUOTED_INCLUDE_IN_FRAMEWORK_HEADER = YES;
				CLANG_WARN_RANGE_LOOP_ANALYSIS = YES;
				CLANG_WARN_STRICT_PROTOTYPES = YES;
				CLANG_WARN_SUSPICIOUS_MOVE = YES;
				CLANG_WARN_UNGUARDED_AVAILABILITY = YES_AGGRESSIVE;
				CLANG_WARN_UNREACHABLE_CODE = YES;
				CLANG_WARN__DUPLICATE_METHOD_MATCH = YES;
				COPY_PHASE_STRIP = NO;
				DEBUG_INFORMATION_FORMAT = dwarf;
				ENABLE_STRICT_OBJC_MSGSEND = YES;
				ENABLE_TESTABILITY = YES;
				ENABLE_USER_SCRIPT_SANDBOXING = YES;
				GCC_C_LANGUAGE_STANDARD = gnu17;
				GCC_DYNAMIC_NO_PIC = NO;
				GCC_NO_COMMON_BLOCKS = YES;
				GCC_OPTIMIZATION_LEVEL = 0;
				GCC_PREPROCESSOR_DEFINITIONS = (
					"DEBUG=1",
					"$(inherited)",
				);
				GCC_WARN_64_TO_32_BIT_CONVERSION = YES;
				GCC_WARN_ABOUT_RETURN_TYPE = YES_ERROR;
				GCC_WARN_UNDECLARED_SELECTOR = YES;
				GCC_WARN_UNINITIALIZED_AUTOS = YES_AGGRESSIVE;
				GCC_WARN_UNUSED_FUNCTION = YES;
				GCC_WARN_UNUSED_VARIABLE = YES;
				IPHONEOS_DEPLOYMENT_TARGET = 17.5;
				LOCALIZATION_PREFERS_STRING_CATALOGS = YES;
				MTL_ENABLE_DEBUG_INFO = INCLUDE_SOURCE;
				MTL_FAST_MATH = YES;
				ONLY_ACTIVE_ARCH = YES;
				SDKROOT = iphoneos;
				SWIFT_ACTIVE_COMPILATION_CONDITIONS = "DEBUG $(inherited)";
				SWIFT_OPTIMIZATION_LEVEL = "-Onone";
			};
			name = Debug;
		};
		44D205C02CB4A32B008C1301 /* Release */ = {
			isa = XCBuildConfiguration;
			buildSettings = {
				ALWAYS_SEARCH_USER_PATHS = NO;
				ASSETCATALOG_COMPILER_GENERATE_SWIFT_ASSET_SYMBOL_EXTENSIONS = YES;
				CLANG_ANALYZER_NONNULL = YES;
				CLANG_ANALYZER_NUMBER_OBJECT_CONVERSION = YES_AGGRESSIVE;
				CLANG_CXX_LANGUAGE_STANDARD = "gnu++20";
				CLANG_ENABLE_MODULES = YES;
				CLANG_ENABLE_OBJC_ARC = YES;
				CLANG_ENABLE_OBJC_WEAK = YES;
				CLANG_WARN_BLOCK_CAPTURE_AUTORELEASING = YES;
				CLANG_WARN_BOOL_CONVERSION = YES;
				CLANG_WARN_COMMA = YES;
				CLANG_WARN_CONSTANT_CONVERSION = YES;
				CLANG_WARN_DEPRECATED_OBJC_IMPLEMENTATIONS = YES;
				CLANG_WARN_DIRECT_OBJC_ISA_USAGE = YES_ERROR;
				CLANG_WARN_DOCUMENTATION_COMMENTS = YES;
				CLANG_WARN_EMPTY_BODY = YES;
				CLANG_WARN_ENUM_CONVERSION = YES;
				CLANG_WARN_INFINITE_RECURSION = YES;
				CLANG_WARN_INT_CONVERSION = YES;
				CLANG_WARN_NON_LITERAL_NULL_CONVERSION = YES;
				CLANG_WARN_OBJC_IMPLICIT_RETAIN_SELF = YES;
				CLANG_WARN_OBJC_LITERAL_CONVERSION = YES;
				CLANG_WARN_OBJC_ROOT_CLASS = YES_ERROR;
				CLANG_WARN_QUOTED_INCLUDE_IN_FRAMEWORK_HEADER = YES;
				CLANG_WARN_RANGE_LOOP_ANALYSIS = YES;
				CLANG_WARN_STRICT_PROTOTYPES = YES;
				CLANG_WARN_SUSPICIOUS_MOVE = YES;
				CLANG_WARN_UNGUARDED_AVAILABILITY = YES_AGGRESSIVE;
				CLANG_WARN_UNREACHABLE_CODE = YES;
				CLANG_WARN__DUPLICATE_METHOD_MATCH = YES;
				COPY_PHASE_STRIP = NO;
				DEBUG_INFORMATION_FORMAT = "dwarf-with-dsym";
				ENABLE_NS_ASSERTIONS = NO;
				ENABLE_STRICT_OBJC_MSGSEND = YES;
				ENABLE_USER_SCRIPT_SANDBOXING = YES;
				GCC_C_LANGUAGE_STANDARD = gnu17;
				GCC_NO_COMMON_BLOCKS = YES;
				GCC_WARN_64_TO_32_BIT_CONVERSION = YES;
				GCC_WARN_ABOUT_RETURN_TYPE = YES_ERROR;
				GCC_WARN_UNDECLARED_SELECTOR = YES;
				GCC_WARN_UNINITIALIZED_AUTOS = YES_AGGRESSIVE;
				GCC_WARN_UNUSED_FUNCTION = YES;
				GCC_WARN_UNUSED_VARIABLE = YES;
				IPHONEOS_DEPLOYMENT_TARGET = 17.5;
				LOCALIZATION_PREFERS_STRING_CATALOGS = YES;
				MTL_ENABLE_DEBUG_INFO = NO;
				MTL_FAST_MATH = YES;
				SDKROOT = iphoneos;
				SWIFT_COMPILATION_MODE = wholemodule;
				VALIDATE_PRODUCT = YES;
			};
			name = Release;
		};
		44D205C22CB4A32B008C1301 /* Debug */ = {
			isa = XCBuildConfiguration;
			buildSettings = {
				ASSETCATALOG_COMPILER_APPICON_NAME = AppIcon;
				ASSETCATALOG_COMPILER_GLOBAL_ACCENT_COLOR_NAME = AccentColor;
				CODE_SIGN_STYLE = Automatic;
				CURRENT_PROJECT_VERSION = 1;
				DEVELOPMENT_ASSET_PATHS = "\"WeatherWise/Preview Content\"";
				ENABLE_PREVIEWS = YES;
				GENERATE_INFOPLIST_FILE = YES;
				INFOPLIST_KEY_UIApplicationSceneManifest_Generation = YES;
				INFOPLIST_KEY_UIApplicationSupportsIndirectInputEvents = YES;
				INFOPLIST_KEY_UILaunchScreen_Generation = YES;
				INFOPLIST_KEY_UISupportedInterfaceOrientations_iPad = "UIInterfaceOrientationPortrait UIInterfaceOrientationPortraitUpsideDown UIInterfaceOrientationLandscapeLeft UIInterfaceOrientationLandscapeRight";
				INFOPLIST_KEY_UISupportedInterfaceOrientations_iPhone = "UIInterfaceOrientationPortrait UIInterfaceOrientationLandscapeLeft UIInterfaceOrientationLandscapeRight";
				LD_RUNPATH_SEARCH_PATHS = (
					"$(inherited)",
					"@executable_path/Frameworks",
				);
				MARKETING_VERSION = 1.0;
				PRODUCT_BUNDLE_IDENTIFIER = toto.WeatherWise;
				PRODUCT_NAME = "$(TARGET_NAME)";
				SWIFT_EMIT_LOC_STRINGS = YES;
				SWIFT_VERSION = 5.0;
				TARGETED_DEVICE_FAMILY = "1,2";
			};
			name = Debug;
		};
		44D205C32CB4A32B008C1301 /* Release */ = {
			isa = XCBuildConfiguration;
			buildSettings = {
				ASSETCATALOG_COMPILER_APPICON_NAME = AppIcon;
				ASSETCATALOG_COMPILER_GLOBAL_ACCENT_COLOR_NAME = AccentColor;
				CODE_SIGN_STYLE = Automatic;
				CURRENT_PROJECT_VERSION = 1;
				DEVELOPMENT_ASSET_PATHS = "\"WeatherWise/Preview Content\"";
				ENABLE_PREVIEWS = YES;
				GENERATE_INFOPLIST_FILE = YES;
				INFOPLIST_KEY_UIApplicationSceneManifest_Generation = YES;
				INFOPLIST_KEY_UIApplicationSupportsIndirectInputEvents = YES;
				INFOPLIST_KEY_UILaunchScreen_Generation = YES;
				INFOPLIST_KEY_UISupportedInterfaceOrientations_iPad = "UIInterfaceOrientationPortrait UIInterfaceOrientationPortraitUpsideDown UIInterfaceOrientationLandscapeLeft UIInterfaceOrientationLandscapeRight";
				INFOPLIST_KEY_UISupportedInterfaceOrientations_iPhone = "UIInterfaceOrientationPortrait UIInterfaceOrientationLandscapeLeft UIInterfaceOrientationLandscapeRight";
				LD_RUNPATH_SEARCH_PATHS = (
					"$(inherited)",
					"@executable_path/Frameworks",
				);
				MARKETING_VERSION = 1.0;
				PRODUCT_BUNDLE_IDENTIFIER = toto.WeatherWise;
				PRODUCT_NAME = "$(TARGET_NAME)";
				SWIFT_EMIT_LOC_STRINGS = YES;
				SWIFT_VERSION = 5.0;
				TARGETED_DEVICE_FAMILY = "1,2";
			};
			name = Release;
		};
		44D205C52CB4A32B008C1301 /* Debug */ = {
			isa = XCBuildConfiguration;
			buildSettings = {
				ALWAYS_EMBED_SWIFT_STANDARD_LIBRARIES = YES;
				BUNDLE_LOADER = "$(TEST_HOST)";
				CODE_SIGN_STYLE = Automatic;
				CURRENT_PROJECT_VERSION = 1;
				GENERATE_INFOPLIST_FILE = YES;
				IPHONEOS_DEPLOYMENT_TARGET = 17.5;
				MARKETING_VERSION = 1.0;
				PRODUCT_BUNDLE_IDENTIFIER = toto.WeatherWiseTests;
				PRODUCT_NAME = "$(TARGET_NAME)";
				SWIFT_EMIT_LOC_STRINGS = NO;
				SWIFT_VERSION = 5.0;
				TARGETED_DEVICE_FAMILY = "1,2";
				TEST_HOST = "$(BUILT_PRODUCTS_DIR)/WeatherWise.app/$(BUNDLE_EXECUTABLE_FOLDER_PATH)/WeatherWise";
			};
			name = Debug;
		};
		44D205C62CB4A32B008C1301 /* Release */ = {
			isa = XCBuildConfiguration;
			buildSettings = {
				ALWAYS_EMBED_SWIFT_STANDARD_LIBRARIES = YES;
				BUNDLE_LOADER = "$(TEST_HOST)";
				CODE_SIGN_STYLE = Automatic;
				CURRENT_PROJECT_VERSION = 1;
				GENERATE_INFOPLIST_FILE = YES;
				IPHONEOS_DEPLOYMENT_TARGET = 17.5;
				MARKETING_VERSION = 1.0;
				PRODUCT_BUNDLE_IDENTIFIER = toto.WeatherWiseTests;
				PRODUCT_NAME = "$(TARGET_NAME)";
				SWIFT_EMIT_LOC_STRINGS = NO;
				SWIFT_VERSION = 5.0;
				TARGETED_DEVICE_FAMILY = "1,2";
				TEST_HOST = "$(BUILT_PRODUCTS_DIR)/WeatherWise.app/$(BUNDLE_EXECUTABLE_FOLDER_PATH)/WeatherWise";
			};
			name = Release;
		};
		44D205C82CB4A32B008C1301 /* Debug */ = {
			isa = XCBuildConfiguration;
			buildSettings = {
				ALWAYS_EMBED_SWIFT_STANDARD_LIBRARIES = YES;
				CODE_SIGN_STYLE = Automatic;
				CURRENT_PROJECT_VERSION = 1;
				GENERATE_INFOPLIST_FILE = YES;
				MARKETING_VERSION = 1.0;
				PRODUCT_BUNDLE_IDENTIFIER = toto.WeatherWiseUITests;
				PRODUCT_NAME = "$(TARGET_NAME)";
				SWIFT_EMIT_LOC_STRINGS = NO;
				SWIFT_VERSION = 5.0;
				TARGETED_DEVICE_FAMILY = "1,2";
				TEST_TARGET_NAME = WeatherWise;
			};
			name = Debug;
		};
		44D205C92CB4A32B008C1301 /* Release */ = {
			isa = XCBuildConfiguration;
			buildSettings = {
				ALWAYS_EMBED_SWIFT_STANDARD_LIBRARIES = YES;
				CODE_SIGN_STYLE = Automatic;
				CURRENT_PROJECT_VERSION = 1;
				GENERATE_INFOPLIST_FILE = YES;
				MARKETING_VERSION = 1.0;
				PRODUCT_BUNDLE_IDENTIFIER = toto.WeatherWiseUITests;
				PRODUCT_NAME = "$(TARGET_NAME)";
				SWIFT_EMIT_LOC_STRINGS = NO;
				SWIFT_VERSION = 5.0;
				TARGETED_DEVICE_FAMILY = "1,2";
				TEST_TARGET_NAME = WeatherWise;
			};
			name = Release;
		};
/* End XCBuildConfiguration section */

/* Begin XCConfigurationList section */
		44D205982CB4A327008C1301 /* Build configuration list for PBXProject "WeatherWise" */ = {
			isa = XCConfigurationList;
			buildConfigurations = (
				44D205BF2CB4A32B008C1301 /* Debug */,
				44D205C02CB4A32B008C1301 /* Release */,
			);
			defaultConfigurationIsVisible = 0;
			defaultConfigurationName = Release;
		};
		44D205C12CB4A32B008C1301 /* Build configuration list for PBXNativeTarget "WeatherWise" */ = {
			isa = XCConfigurationList;
			buildConfigurations = (
				44D205C22CB4A32B008C1301 /* Debug */,
				44D205C32CB4A32B008C1301 /* Release */,
			);
			defaultConfigurationIsVisible = 0;
			defaultConfigurationName = Release;
		};
		44D205C42CB4A32B008C1301 /* Build configuration list for PBXNativeTarget "WeatherWiseTests" */ = {
			isa = XCConfigurationList;
			buildConfigurations = (
				44D205C52CB4A32B008C1301 /* Debug */,
				44D205C62CB4A32B008C1301 /* Release */,
			);
			defaultConfigurationIsVisible = 0;
			defaultConfigurationName = Release;
		};
		44D205C72CB4A32B008C1301 /* Build configuration list for PBXNativeTarget "WeatherWiseUITests" */ = {
			isa = XCConfigurationList;
			buildConfigurations = (
				44D205C82CB4A32B008C1301 /* Debug */,
				44D205C92CB4A32B008C1301 /* Release */,
			);
			defaultConfigurationIsVisible = 0;
			defaultConfigurationName = Release;
		};
/* End XCConfigurationList section */
	};
	rootObject = 44D205952CB4A327008C1301 /* Project object */;
}
